// !$*UTF8*$!
{
	archiveVersion = 1;
	classes = {
	};
	objectVersion = 50;
	objects = {

/* Begin PBXBuildFile section */
		301137A425D470C50090975D /* ItemsVC.m in Sources */ = {isa = PBXBuildFile; fileRef = 301137A325D470C50090975D /* ItemsVC.m */; };
		3025555D25FAEC4D00FC6B56 /* ItemCell.m in Sources */ = {isa = PBXBuildFile; fileRef = 3025555B25FAEC4D00FC6B56 /* ItemCell.m */; };
		3025555E25FAEC4D00FC6B56 /* ItemCell.xib in Resources */ = {isa = PBXBuildFile; fileRef = 3025555C25FAEC4D00FC6B56 /* ItemCell.xib */; };
		3025556325FD82F700FC6B56 /* ImageVC.m in Sources */ = {isa = PBXBuildFile; fileRef = 3025556225FD82F700FC6B56 /* ImageVC.m */; };
		302D33A125DBBF78008743CE /* ItemStore.m in Sources */ = {isa = PBXBuildFile; fileRef = 302D33A025DBBF78008743CE /* ItemStore.m */; };
		302D33A925DCFB58008743CE /* DetailsVC.m in Sources */ = {isa = PBXBuildFile; fileRef = 302D33A725DCFB58008743CE /* DetailsVC.m */; };
		302D33AA25DCFB58008743CE /* DetailsVC.xib in Resources */ = {isa = PBXBuildFile; fileRef = 302D33A825DCFB58008743CE /* DetailsVC.xib */; };
		302D33B025DF2E07008743CE /* ImageStore.m in Sources */ = {isa = PBXBuildFile; fileRef = 302D33AF25DF2E07008743CE /* ImageStore.m */; };
		304B0370260D535E0020CE90 /* AssetTypeVC.m in Sources */ = {isa = PBXBuildFile; fileRef = 304B036F260D535E0020CE90 /* AssetTypeVC.m */; };
		304F6857260824BE00DDB041 /* ImageTransformer.m in Sources */ = {isa = PBXBuildFile; fileRef = 304F6856260824BE00DDB041 /* ImageTransformer.m */; };
		305B29F726082B3C0080A994 /* Homepwner.xcdatamodeld in Sources */ = {isa = PBXBuildFile; fileRef = 305B29F526082B3C0080A994 /* Homepwner.xcdatamodeld */; };
		305B2A06260971530080A994 /* Item+CoreDataClass.m in Sources */ = {isa = PBXBuildFile; fileRef = 305B2A04260971530080A994 /* Item+CoreDataClass.m */; };
		305B2A07260971530080A994 /* Item+CoreDataProperties.m in Sources */ = {isa = PBXBuildFile; fileRef = 305B2A05260971530080A994 /* Item+CoreDataProperties.m */; };
		30867A4425D45736007AF6ED /* AppDelegate.m in Sources */ = {isa = PBXBuildFile; fileRef = 30867A4325D45736007AF6ED /* AppDelegate.m */; };
		30867A4725D45736007AF6ED /* SceneDelegate.m in Sources */ = {isa = PBXBuildFile; fileRef = 30867A4625D45736007AF6ED /* SceneDelegate.m */; };
		30867A4F25D45738007AF6ED /* Assets.xcassets in Resources */ = {isa = PBXBuildFile; fileRef = 30867A4E25D45738007AF6ED /* Assets.xcassets */; };
		30867A5525D45738007AF6ED /* main.m in Sources */ = {isa = PBXBuildFile; fileRef = 30867A5425D45738007AF6ED /* main.m */; };
		30867A6025D45C51007AF6ED /* Launch.xib in Resources */ = {isa = PBXBuildFile; fileRef = 30867A5F25D45C51007AF6ED /* Launch.xib */; };
/* End PBXBuildFile section */

/* Begin PBXFileReference section */
		301137A225D470C50090975D /* ItemsVC.h */ = {isa = PBXFileReference; lastKnownFileType = sourcecode.c.h; path = ItemsVC.h; sourceTree = "<group>"; };
		301137A325D470C50090975D /* ItemsVC.m */ = {isa = PBXFileReference; lastKnownFileType = sourcecode.c.objc; path = ItemsVC.m; sourceTree = "<group>"; };
		3025555A25FAEC4D00FC6B56 /* ItemCell.h */ = {isa = PBXFileReference; lastKnownFileType = sourcecode.c.h; path = ItemCell.h; sourceTree = "<group>"; };
		3025555B25FAEC4D00FC6B56 /* ItemCell.m */ = {isa = PBXFileReference; lastKnownFileType = sourcecode.c.objc; path = ItemCell.m; sourceTree = "<group>"; };
		3025555C25FAEC4D00FC6B56 /* ItemCell.xib */ = {isa = PBXFileReference; lastKnownFileType = file.xib; path = ItemCell.xib; sourceTree = "<group>"; };
		3025556125FD82F700FC6B56 /* ImageVC.h */ = {isa = PBXFileReference; lastKnownFileType = sourcecode.c.h; path = ImageVC.h; sourceTree = "<group>"; };
		3025556225FD82F700FC6B56 /* ImageVC.m */ = {isa = PBXFileReference; lastKnownFileType = sourcecode.c.objc; path = ImageVC.m; sourceTree = "<group>"; };
		302D339F25DBBF78008743CE /* ItemStore.h */ = {isa = PBXFileReference; lastKnownFileType = sourcecode.c.h; path = ItemStore.h; sourceTree = "<group>"; };
		302D33A025DBBF78008743CE /* ItemStore.m */ = {isa = PBXFileReference; lastKnownFileType = sourcecode.c.objc; path = ItemStore.m; sourceTree = "<group>"; };
		302D33A625DCFB58008743CE /* DetailsVC.h */ = {isa = PBXFileReference; lastKnownFileType = sourcecode.c.h; path = DetailsVC.h; sourceTree = "<group>"; };
		302D33A725DCFB58008743CE /* DetailsVC.m */ = {isa = PBXFileReference; lastKnownFileType = sourcecode.c.objc; path = DetailsVC.m; sourceTree = "<group>"; };
		302D33A825DCFB58008743CE /* DetailsVC.xib */ = {isa = PBXFileReference; lastKnownFileType = file.xib; path = DetailsVC.xib; sourceTree = "<group>"; };
		302D33AE25DF2E07008743CE /* ImageStore.h */ = {isa = PBXFileReference; lastKnownFileType = sourcecode.c.h; path = ImageStore.h; sourceTree = "<group>"; };
		302D33AF25DF2E07008743CE /* ImageStore.m */ = {isa = PBXFileReference; lastKnownFileType = sourcecode.c.objc; path = ImageStore.m; sourceTree = "<group>"; };
		304B036E260D535E0020CE90 /* AssetTypeVC.h */ = {isa = PBXFileReference; lastKnownFileType = sourcecode.c.h; path = AssetTypeVC.h; sourceTree = "<group>"; };
		304B036F260D535E0020CE90 /* AssetTypeVC.m */ = {isa = PBXFileReference; lastKnownFileType = sourcecode.c.objc; path = AssetTypeVC.m; sourceTree = "<group>"; };
		304F6855260824BE00DDB041 /* ImageTransformer.h */ = {isa = PBXFileReference; lastKnownFileType = sourcecode.c.h; path = ImageTransformer.h; sourceTree = "<group>"; };
		304F6856260824BE00DDB041 /* ImageTransformer.m */ = {isa = PBXFileReference; lastKnownFileType = sourcecode.c.objc; path = ImageTransformer.m; sourceTree = "<group>"; };
		305B29F626082B3C0080A994 /* Homepwner.xcdatamodel */ = {isa = PBXFileReference; lastKnownFileType = wrapper.xcdatamodel; path = Homepwner.xcdatamodel; sourceTree = "<group>"; };
		305B2A02260971530080A994 /* Item+CoreDataProperties.h */ = {isa = PBXFileReference; lastKnownFileType = sourcecode.c.h; path = "Item+CoreDataProperties.h"; sourceTree = "<group>"; };
		305B2A03260971530080A994 /* Item+CoreDataClass.h */ = {isa = PBXFileReference; lastKnownFileType = sourcecode.c.h; path = "Item+CoreDataClass.h"; sourceTree = "<group>"; };
		305B2A04260971530080A994 /* Item+CoreDataClass.m */ = {isa = PBXFileReference; lastKnownFileType = sourcecode.c.objc; path = "Item+CoreDataClass.m"; sourceTree = "<group>"; };
		305B2A05260971530080A994 /* Item+CoreDataProperties.m */ = {isa = PBXFileReference; lastKnownFileType = sourcecode.c.objc; path = "Item+CoreDataProperties.m"; sourceTree = "<group>"; };
		30867A3F25D45736007AF6ED /* Homepwner.app */ = {isa = PBXFileReference; explicitFileType = wrapper.application; includeInIndex = 0; path = Homepwner.app; sourceTree = BUILT_PRODUCTS_DIR; };
		30867A4225D45736007AF6ED /* AppDelegate.h */ = {isa = PBXFileReference; lastKnownFileType = sourcecode.c.h; path = AppDelegate.h; sourceTree = "<group>"; };
		30867A4325D45736007AF6ED /* AppDelegate.m */ = {isa = PBXFileReference; lastKnownFileType = sourcecode.c.objc; path = AppDelegate.m; sourceTree = "<group>"; };
		30867A4525D45736007AF6ED /* SceneDelegate.h */ = {isa = PBXFileReference; lastKnownFileType = sourcecode.c.h; path = SceneDelegate.h; sourceTree = "<group>"; };
		30867A4625D45736007AF6ED /* SceneDelegate.m */ = {isa = PBXFileReference; lastKnownFileType = sourcecode.c.objc; path = SceneDelegate.m; sourceTree = "<group>"; };
		30867A4E25D45738007AF6ED /* Assets.xcassets */ = {isa = PBXFileReference; lastKnownFileType = folder.assetcatalog; path = Assets.xcassets; sourceTree = "<group>"; };
		30867A5325D45738007AF6ED /* Info.plist */ = {isa = PBXFileReference; lastKnownFileType = text.plist.xml; path = Info.plist; sourceTree = "<group>"; };
		30867A5425D45738007AF6ED /* main.m */ = {isa = PBXFileReference; lastKnownFileType = sourcecode.c.objc; path = main.m; sourceTree = "<group>"; };
		30867A5C25D4593A007AF6ED /* README.md */ = {isa = PBXFileReference; lastKnownFileType = net.daringfireball.markdown; path = README.md; sourceTree = "<group>"; };
		30867A5F25D45C51007AF6ED /* Launch.xib */ = {isa = PBXFileReference; lastKnownFileType = file.xib; path = Launch.xib; sourceTree = "<group>"; };
/* End PBXFileReference section */

/* Begin PBXFrameworksBuildPhase section */
		30867A3C25D45736007AF6ED /* Frameworks */ = {
			isa = PBXFrameworksBuildPhase;
			buildActionMask = 2147483647;
			files = (
			);
			runOnlyForDeploymentPostprocessing = 0;
		};
/* End PBXFrameworksBuildPhase section */

/* Begin PBXGroup section */
		30867A3625D45736007AF6ED = {
			isa = PBXGroup;
			children = (
				305B2A02260971530080A994 /* Item+CoreDataProperties.h */,
				305B2A03260971530080A994 /* Item+CoreDataClass.h */,
				305B2A04260971530080A994 /* Item+CoreDataClass.m */,
				305B2A05260971530080A994 /* Item+CoreDataProperties.m */,
				30867A5C25D4593A007AF6ED /* README.md */,
				30867A4125D45736007AF6ED /* Homepwner */,
				30867A4025D45736007AF6ED /* Products */,
			);
			sourceTree = "<group>";
		};
		30867A4025D45736007AF6ED /* Products */ = {
			isa = PBXGroup;
			children = (
				30867A3F25D45736007AF6ED /* Homepwner.app */,
			);
			name = Products;
			sourceTree = "<group>";
		};
		30867A4125D45736007AF6ED /* Homepwner */ = {
			isa = PBXGroup;
			children = (
				30867A4225D45736007AF6ED /* AppDelegate.h */,
				30867A4325D45736007AF6ED /* AppDelegate.m */,
				30867A4525D45736007AF6ED /* SceneDelegate.h */,
				30867A4625D45736007AF6ED /* SceneDelegate.m */,
				301137A225D470C50090975D /* ItemsVC.h */,
				301137A325D470C50090975D /* ItemsVC.m */,
				3025555A25FAEC4D00FC6B56 /* ItemCell.h */,
				3025555B25FAEC4D00FC6B56 /* ItemCell.m */,
				3025555C25FAEC4D00FC6B56 /* ItemCell.xib */,
				3025556125FD82F700FC6B56 /* ImageVC.h */,
				3025556225FD82F700FC6B56 /* ImageVC.m */,
				302D33A625DCFB58008743CE /* DetailsVC.h */,
				302D33A725DCFB58008743CE /* DetailsVC.m */,
				302D33A825DCFB58008743CE /* DetailsVC.xib */,
				304B036E260D535E0020CE90 /* AssetTypeVC.h */,
				304B036F260D535E0020CE90 /* AssetTypeVC.m */,
				302D339F25DBBF78008743CE /* ItemStore.h */,
				302D33A025DBBF78008743CE /* ItemStore.m */,
				302D33AE25DF2E07008743CE /* ImageStore.h */,
				302D33AF25DF2E07008743CE /* ImageStore.m */,
				304F6855260824BE00DDB041 /* ImageTransformer.h */,
				304F6856260824BE00DDB041 /* ImageTransformer.m */,
				305B29F526082B3C0080A994 /* Homepwner.xcdatamodeld */,
				30867A5325D45738007AF6ED /* Info.plist */,
				30867A5425D45738007AF6ED /* main.m */,
				30867A5F25D45C51007AF6ED /* Launch.xib */,
				30867A4E25D45738007AF6ED /* Assets.xcassets */,
			);
			path = Homepwner;
			sourceTree = "<group>";
		};
/* End PBXGroup section */

/* Begin PBXNativeTarget section */
		30867A3E25D45736007AF6ED /* Homepwner */ = {
			isa = PBXNativeTarget;
			buildConfigurationList = 30867A5825D45738007AF6ED /* Build configuration list for PBXNativeTarget "Homepwner" */;
			buildPhases = (
				30867A3B25D45736007AF6ED /* Sources */,
				30867A3C25D45736007AF6ED /* Frameworks */,
				30867A3D25D45736007AF6ED /* Resources */,
			);
			buildRules = (
			);
			dependencies = (
			);
			name = Homepwner;
			productName = Homepwner;
			productReference = 30867A3F25D45736007AF6ED /* Homepwner.app */;
			productType = "com.apple.product-type.application";
		};
/* End PBXNativeTarget section */

/* Begin PBXProject section */
		30867A3725D45736007AF6ED /* Project object */ = {
			isa = PBXProject;
			attributes = {
				LastUpgradeCheck = 1240;
				TargetAttributes = {
					30867A3E25D45736007AF6ED = {
						CreatedOnToolsVersion = 12.4;
					};
				};
			};
			buildConfigurationList = 30867A3A25D45736007AF6ED /* Build configuration list for PBXProject "Homepwner" */;
			compatibilityVersion = "Xcode 9.3";
			developmentRegion = en;
			hasScannedForEncodings = 0;
			knownRegions = (
				en,
				Base,
			);
			mainGroup = 30867A3625D45736007AF6ED;
			productRefGroup = 30867A4025D45736007AF6ED /* Products */;
			projectDirPath = "";
			projectRoot = "";
			targets = (
				30867A3E25D45736007AF6ED /* Homepwner */,
			);
		};
/* End PBXProject section */

/* Begin PBXResourcesBuildPhase section */
		30867A3D25D45736007AF6ED /* Resources */ = {
			isa = PBXResourcesBuildPhase;
			buildActionMask = 2147483647;
			files = (
				3025555E25FAEC4D00FC6B56 /* ItemCell.xib in Resources */,
				30867A6025D45C51007AF6ED /* Launch.xib in Resources */,
				302D33AA25DCFB58008743CE /* DetailsVC.xib in Resources */,
				30867A4F25D45738007AF6ED /* Assets.xcassets in Resources */,
			);
			runOnlyForDeploymentPostprocessing = 0;
		};
/* End PBXResourcesBuildPhase section */

/* Begin PBXSourcesBuildPhase section */
		30867A3B25D45736007AF6ED /* Sources */ = {
			isa = PBXSourcesBuildPhase;
			buildActionMask = 2147483647;
			files = (
				3025556325FD82F700FC6B56 /* ImageVC.m in Sources */,
				3025555D25FAEC4D00FC6B56 /* ItemCell.m in Sources */,
				30867A4425D45736007AF6ED /* AppDelegate.m in Sources */,
				302D33A125DBBF78008743CE /* ItemStore.m in Sources */,
				301137A425D470C50090975D /* ItemsVC.m in Sources */,
				304F6857260824BE00DDB041 /* ImageTransformer.m in Sources */,
				305B2A07260971530080A994 /* Item+CoreDataProperties.m in Sources */,
				305B29F726082B3C0080A994 /* Homepwner.xcdatamodeld in Sources */,
				302D33A925DCFB58008743CE /* DetailsVC.m in Sources */,
				30867A5525D45738007AF6ED /* main.m in Sources */,
				30867A4725D45736007AF6ED /* SceneDelegate.m in Sources */,
				305B2A06260971530080A994 /* Item+CoreDataClass.m in Sources */,
				302D33B025DF2E07008743CE /* ImageStore.m in Sources */,
				304B0370260D535E0020CE90 /* AssetTypeVC.m in Sources */,
			);
			runOnlyForDeploymentPostprocessing = 0;
		};
/* End PBXSourcesBuildPhase section */

/* Begin XCBuildConfiguration section */
		30867A5625D45738007AF6ED /* Debug */ = {
			isa = XCBuildConfiguration;
			buildSettings = {
				ALWAYS_SEARCH_USER_PATHS = NO;
				CLANG_ANALYZER_NONNULL = YES;
				CLANG_ANALYZER_NUMBER_OBJECT_CONVERSION = YES_AGGRESSIVE;
				CLANG_CXX_LANGUAGE_STANDARD = "gnu++14";
				CLANG_CXX_LIBRARY = "libc++";
				CLANG_ENABLE_MODULES = YES;
				CLANG_ENABLE_OBJC_ARC = YES;
				CLANG_ENABLE_OBJC_WEAK = YES;
				CLANG_WARN_BLOCK_CAPTURE_AUTORELEASING = YES;
				CLANG_WARN_BOOL_CONVERSION = YES;
				CLANG_WARN_COMMA = YES;
				CLANG_WARN_CONSTANT_CONVERSION = YES;
				CLANG_WARN_DEPRECATED_OBJC_IMPLEMENTATIONS = YES;
				CLANG_WARN_DIRECT_OBJC_ISA_USAGE = YES_ERROR;
				CLANG_WARN_DOCUMENTATION_COMMENTS = YES;
				CLANG_WARN_EMPTY_BODY = YES;
				CLANG_WARN_ENUM_CONVERSION = YES;
				CLANG_WARN_INFINITE_RECURSION = YES;
				CLANG_WARN_INT_CONVERSION = YES;
				CLANG_WARN_NON_LITERAL_NULL_CONVERSION = YES;
				CLANG_WARN_OBJC_IMPLICIT_RETAIN_SELF = YES;
				CLANG_WARN_OBJC_LITERAL_CONVERSION = YES;
				CLANG_WARN_OBJC_ROOT_CLASS = YES_ERROR;
				CLANG_WARN_QUOTED_INCLUDE_IN_FRAMEWORK_HEADER = YES;
				CLANG_WARN_RANGE_LOOP_ANALYSIS = YES;
				CLANG_WARN_STRICT_PROTOTYPES = YES;
				CLANG_WARN_SUSPICIOUS_MOVE = YES;
				CLANG_WARN_UNGUARDED_AVAILABILITY = YES_AGGRESSIVE;
				CLANG_WARN_UNREACHABLE_CODE = YES;
				CLANG_WARN__DUPLICATE_METHOD_MATCH = YES;
				COPY_PHASE_STRIP = NO;
				DEBUG_INFORMATION_FORMAT = dwarf;
				ENABLE_STRICT_OBJC_MSGSEND = YES;
				ENABLE_TESTABILITY = YES;
				GCC_C_LANGUAGE_STANDARD = gnu11;
				GCC_DYNAMIC_NO_PIC = NO;
				GCC_NO_COMMON_BLOCKS = YES;
				GCC_OPTIMIZATION_LEVEL = 0;
				GCC_PREPROCESSOR_DEFINITIONS = (
					"DEBUG=1",
					"$(inherited)",
				);
				GCC_WARN_64_TO_32_BIT_CONVERSION = YES;
				GCC_WARN_ABOUT_RETURN_TYPE = YES_ERROR;
				GCC_WARN_UNDECLARED_SELECTOR = YES;
				GCC_WARN_UNINITIALIZED_AUTOS = YES_AGGRESSIVE;
				GCC_WARN_UNUSED_FUNCTION = YES;
				GCC_WARN_UNUSED_VARIABLE = YES;
				IPHONEOS_DEPLOYMENT_TARGET = 14.4;
				MTL_ENABLE_DEBUG_INFO = INCLUDE_SOURCE;
				MTL_FAST_MATH = YES;
				ONLY_ACTIVE_ARCH = YES;
				SDKROOT = iphoneos;
			};
			name = Debug;
		};
		30867A5725D45738007AF6ED /* Release */ = {
			isa = XCBuildConfiguration;
			buildSettings = {
				ALWAYS_SEARCH_USER_PATHS = NO;
				CLANG_ANALYZER_NONNULL = YES;
				CLANG_ANALYZER_NUMBER_OBJECT_CONVERSION = YES_AGGRESSIVE;
				CLANG_CXX_LANGUAGE_STANDARD = "gnu++14";
				CLANG_CXX_LIBRARY = "libc++";
				CLANG_ENABLE_MODULES = YES;
				CLANG_ENABLE_OBJC_ARC = YES;
				CLANG_ENABLE_OBJC_WEAK = YES;
				CLANG_WARN_BLOCK_CAPTURE_AUTORELEASING = YES;
				CLANG_WARN_BOOL_CONVERSION = YES;
				CLANG_WARN_COMMA = YES;
				CLANG_WARN_CONSTANT_CONVERSION = YES;
				CLANG_WARN_DEPRECATED_OBJC_IMPLEMENTATIONS = YES;
				CLANG_WARN_DIRECT_OBJC_ISA_USAGE = YES_ERROR;
				CLANG_WARN_DOCUMENTATION_COMMENTS = YES;
				CLANG_WARN_EMPTY_BODY = YES;
				CLANG_WARN_ENUM_CONVERSION = YES;
				CLANG_WARN_INFINITE_RECURSION = YES;
				CLANG_WARN_INT_CONVERSION = YES;
				CLANG_WARN_NON_LITERAL_NULL_CONVERSION = YES;
				CLANG_WARN_OBJC_IMPLICIT_RETAIN_SELF = YES;
				CLANG_WARN_OBJC_LITERAL_CONVERSION = YES;
				CLANG_WARN_OBJC_ROOT_CLASS = YES_ERROR;
				CLANG_WARN_QUOTED_INCLUDE_IN_FRAMEWORK_HEADER = YES;
				CLANG_WARN_RANGE_LOOP_ANALYSIS = YES;
				CLANG_WARN_STRICT_PROTOTYPES = YES;
				CLANG_WARN_SUSPICIOUS_MOVE = YES;
				CLANG_WARN_UNGUARDED_AVAILABILITY = YES_AGGRESSIVE;
				CLANG_WARN_UNREACHABLE_CODE = YES;
				CLANG_WARN__DUPLICATE_METHOD_MATCH = YES;
				COPY_PHASE_STRIP = NO;
				DEBUG_INFORMATION_FORMAT = "dwarf-with-dsym";
				ENABLE_NS_ASSERTIONS = NO;
				ENABLE_STRICT_OBJC_MSGSEND = YES;
				GCC_C_LANGUAGE_STANDARD = gnu11;
				GCC_NO_COMMON_BLOCKS = YES;
				GCC_WARN_64_TO_32_BIT_CONVERSION = YES;
				GCC_WARN_ABOUT_RETURN_TYPE = YES_ERROR;
				GCC_WARN_UNDECLARED_SELECTOR = YES;
				GCC_WARN_UNINITIALIZED_AUTOS = YES_AGGRESSIVE;
				GCC_WARN_UNUSED_FUNCTION = YES;
				GCC_WARN_UNUSED_VARIABLE = YES;
				IPHONEOS_DEPLOYMENT_TARGET = 14.4;
				MTL_ENABLE_DEBUG_INFO = NO;
				MTL_FAST_MATH = YES;
				SDKROOT = iphoneos;
				VALIDATE_PRODUCT = YES;
			};
			name = Release;
		};
		30867A5925D45738007AF6ED /* Debug */ = {
			isa = XCBuildConfiguration;
			buildSettings = {
				ASSETCATALOG_COMPILER_APPICON_NAME = AppIcon;
				ASSETCATALOG_COMPILER_GLOBAL_ACCENT_COLOR_NAME = AccentColor;
				CODE_SIGN_STYLE = Automatic;
				DEVELOPMENT_TEAM = 53HD9WR7C3;
				INFOPLIST_FILE = Homepwner/Info.plist;
				LD_RUNPATH_SEARCH_PATHS = (
					"$(inherited)",
					"@executable_path/Frameworks",
				);
				PRODUCT_BUNDLE_IDENTIFIER = com.twilightcitizen.Homepwner;
				PRODUCT_NAME = "$(TARGET_NAME)";
				TARGETED_DEVICE_FAMILY = "1,2";
			};
			name = Debug;
		};
		30867A5A25D45738007AF6ED /* Release */ = {
			isa = XCBuildConfiguration;
			buildSettings = {
				ASSETCATALOG_COMPILER_APPICON_NAME = AppIcon;
				ASSETCATALOG_COMPILER_GLOBAL_ACCENT_COLOR_NAME = AccentColor;
				CODE_SIGN_STYLE = Automatic;
				DEVELOPMENT_TEAM = 53HD9WR7C3;
				INFOPLIST_FILE = Homepwner/Info.plist;
				LD_RUNPATH_SEARCH_PATHS = (
					"$(inherited)",
					"@executable_path/Frameworks",
				);
				PRODUCT_BUNDLE_IDENTIFIER = com.twilightcitizen.Homepwner;
				PRODUCT_NAME = "$(TARGET_NAME)";
				TARGETED_DEVICE_FAMILY = "1,2";
			};
			name = Release;
		};
/* End XCBuildConfiguration section */

/* Begin XCConfigurationList section */
		30867A3A25D45736007AF6ED /* Build configuration list for PBXProject "Homepwner" */ = {
			isa = XCConfigurationList;
			buildConfigurations = (
				30867A5625D45738007AF6ED /* Debug */,
				30867A5725D45738007AF6ED /* Release */,
			);
			defaultConfigurationIsVisible = 0;
			defaultConfigurationName = Release;
		};
		30867A5825D45738007AF6ED /* Build configuration list for PBXNativeTarget "Homepwner" */ = {
			isa = XCConfigurationList;
			buildConfigurations = (
				30867A5925D45738007AF6ED /* Debug */,
				30867A5A25D45738007AF6ED /* Release */,
			);
			defaultConfigurationIsVisible = 0;
			defaultConfigurationName = Release;
		};
/* End XCConfigurationList section */

/* Begin XCVersionGroup section */
		305B29F526082B3C0080A994 /* Homepwner.xcdatamodeld */ = {
			isa = XCVersionGroup;
			children = (
				305B29F626082B3C0080A994 /* Homepwner.xcdatamodel */,
			);
			currentVersion = 305B29F626082B3C0080A994 /* Homepwner.xcdatamodel */;
			path = Homepwner.xcdatamodeld;
			sourceTree = "<group>";
			versionGroupType = wrapper.xcdatamodel;
		};
/* End XCVersionGroup section */
	};
	rootObject = 30867A3725D45736007AF6ED /* Project object */;
}
